<?xml version="1.0" encoding="utf-8"?>
<Project ToolsVersion="4.0" xmlns="http://schemas.microsoft.com/developer/msbuild/2003">
  <ItemGroup>
    <Filter Include="Source Files">
      <UniqueIdentifier>{4FC737F1-C7A5-4376-A066-2A32D752A2FF}</UniqueIdentifier>
      <Extensions>cpp;c;cc;cxx;def;odl;idl;hpj;bat;asm;asmx</Extensions>
    </Filter>
    <Filter Include="Header Files">
      <UniqueIdentifier>{93995380-89BD-4b04-88EB-625FBE52EBFB}</UniqueIdentifier>
      <Extensions>h;hh;hpp;hxx;hm;inl;inc;xsd</Extensions>
    </Filter>
    <Filter Include="Header Files\Server">
      <UniqueIdentifier>{85227dfd-3c2d-42be-b537-35e22856bae6}</UniqueIdentifier>
    </Filter>
    <Filter Include="Source Files\Server">
      <UniqueIdentifier>{10374310-373c-4419-8df3-f7f01e0370b9}</UniqueIdentifier>
    </Filter>
    <Filter Include="Header Files\Server\Payloads">
      <UniqueIdentifier>{4b1bec02-204b-40bd-acad-fa55dd84222a}</UniqueIdentifier>
    </Filter>
    <Filter Include="Source Files\Server\Payloads">
      <UniqueIdentifier>{77fff475-cb4c-472b-ae66-526a622ddde8}</UniqueIdentifier>
    </Filter>
    <Filter Include="Header Files\Server\Builders">
      <UniqueIdentifier>{e0261cd1-12fb-4735-932a-162d832fd3ea}</UniqueIdentifier>
    </Filter>
    <Filter Include="Source Files\Server\Builders">
      <UniqueIdentifier>{6cf631c9-237c-459d-a3be-7f702bb4aff9}</UniqueIdentifier>
    </Filter>
    <Filter Include="Source Files\Server\Processors">
      <UniqueIdentifier>{12eab7e5-4711-4767-b220-c2bad394e346}</UniqueIdentifier>
    </Filter>
    <Filter Include="Header Files\Server\Processors">
      <UniqueIdentifier>{16f07176-6c0a-45d1-bf41-b3d3c570aa4b}</UniqueIdentifier>
    </Filter>
  </ItemGroup>
  <ItemGroup>
    <ClInclude Include="include\Protocols\Ymsg\Server\Payloads\Authentication.h">
      <Filter>Header Files\Server\Payloads</Filter>
    </ClInclude>
    <ClInclude Include="include\Protocols\Ymsg\Server\Payloads\ChallengeRequest.h">
      <Filter>Header Files\Server\Payloads</Filter>
    </ClInclude>
    <ClInclude Include="include\Protocols\Ymsg\Server\Payloads\ChatJoin.h">
      <Filter>Header Files\Server\Payloads</Filter>
    </ClInclude>
    <ClInclude Include="include\Protocols\Ymsg\Server\Payloads\ChatLogin.h">
      <Filter>Header Files\Server\Payloads</Filter>
    </ClInclude>
    <ClInclude Include="include\Protocols\Ymsg\Server\Payloads\ProtocolSync.h">
      <Filter>Header Files\Server\Payloads</Filter>
    </ClInclude>
    <ClInclude Include="include\Protocols\Ymsg\Server\Builders\ChallengeResponse.h">
      <Filter>Header Files\Server\Builders</Filter>
    </ClInclude>
    <ClInclude Include="include\Protocols\Ymsg\Server\Builders\PingConfiguration.h">
      <Filter>Header Files\Server\Builders</Filter>
    </ClInclude>
    <ClInclude Include="include\Protocols\Ymsg\Server\Builders\ChatLoginResponse.h">
      <Filter>Header Files\Server\Builders</Filter>
    </ClInclude>
    <ClInclude Include="include\Protocols\Ymsg\Server\Builders\ProtocolAck.h">
      <Filter>Header Files\Server\Builders</Filter>
    </ClInclude>
    <ClInclude Include="include\Protocols\Ymsg\Server\Builders\ClientProfile.h">
      <Filter>Header Files\Server\Builders</Filter>
    </ClInclude>
    <ClInclude Include="include\Protocols\Ymsg\Server\Builders\ContactOnline.h">
      <Filter>Header Files\Server\Builders</Filter>
    </ClInclude>
    <ClInclude Include="include\Protocols\Ymsg\Server\Payloads\AddContact.h">
      <Filter>Header Files\Server\Payloads</Filter>
    </ClInclude>
    <ClInclude Include="include\Protocols\Ymsg\Server\Payloads\ServiceOperation.h">
      <Filter>Header Files\Server\Payloads</Filter>
    </ClInclude>
    <ClInclude Include="include\Protocols\Ymsg\Server\Payloads\PrivateMessage.h">
      <Filter>Header Files\Server\Payloads</Filter>
    </ClInclude>
    <ClInclude Include="include\Protocols\Ymsg\Server\Payloads\ChangeBlockedUser.h">
      <Filter>Header Files\Server\Payloads</Filter>
    </ClInclude>
    <ClInclude Include="include\Protocols\Ymsg\Server\Builders\TypingNotification.h">
      <Filter>Header Files\Server\Builders</Filter>
    </ClInclude>
    <ClInclude Include="include\Protocols\Ymsg\Server\Builders\PrivateMessage.h">
      <Filter>Header Files\Server\Builders</Filter>
    </ClInclude>
    <ClInclude Include="include\Protocols\Ymsg\Server\Builders\ContactBlockedOrUnblocked.h">
      <Filter>Header Files\Server\Builders</Filter>
    </ClInclude>
    <ClInclude Include="include\Protocols\Ymsg\Server\Builders\ChatroomJoined.h">
      <Filter>Header Files\Server\Builders</Filter>
    </ClInclude>
    <ClInclude Include="include\Protocols\Ymsg\Server\Builders\AddContactRequest.h">
      <Filter>Header Files\Server\Builders</Filter>
    </ClInclude>
    <ClInclude Include="include\Protocols\Ymsg\Server\Payloads\RenameContactGroup.h">
      <Filter>Header Files\Server\Payloads</Filter>
    </ClInclude>
    <ClInclude Include="include\Protocols\Ymsg\Server\Payloads\SetAway.h">
      <Filter>Header Files\Server\Payloads</Filter>
    </ClInclude>
    <ClInclude Include="include\Protocols\Ymsg\Server\Payloads\SetAvailable.h">
      <Filter>Header Files\Server\Payloads</Filter>
    </ClInclude>
    <ClInclude Include="include\Protocols\Ymsg\Server\Builders\ProfileActivated.h">
      <Filter>Header Files\Server\Builders</Filter>
    </ClInclude>
    <ClInclude Include="include\Protocols\Ymsg\Server\Payloads\ActivateProfile.h">
      <Filter>Header Files\Server\Payloads</Filter>
    </ClInclude>
    <ClInclude Include="include\Protocols\Ymsg\Server\Payloads\DeactivateProfile.h">
      <Filter>Header Files\Server\Payloads</Filter>
    </ClInclude>
    <ClInclude Include="include\Protocols\Ymsg\Server\Builders\ProfileDeactivated.h">
      <Filter>Header Files\Server\Builders</Filter>
    </ClInclude>
    <ClInclude Include="include\Protocols\Ymsg\Server\Payloads\DenyContactAddRequest.h">
      <Filter>Header Files\Server\Payloads</Filter>
    </ClInclude>
    <ClInclude Include="include\Protocols\Ymsg\Server\Builders\DenyContactAddRequest.h">
      <Filter>Header Files\Server\Builders</Filter>
    </ClInclude>
    <ClInclude Include="include\Protocols\Ymsg\Server\Payloads\RemoveContact.h">
      <Filter>Header Files\Server\Payloads</Filter>
    </ClInclude>
    <ClInclude Include="include\Protocols\Ymsg\Server\Builders\ContactRemoved.h">
      <Filter>Header Files\Server\Builders</Filter>
    </ClInclude>
    <ClInclude Include="include\Protocols\Ymsg\Server\Builders\ContactOffline.h">
      <Filter>Header Files\Server\Builders</Filter>
    </ClInclude>
    <ClInclude Include="include\Protocols\Ymsg\Server\Builders\ContactGroupRenamed.h">
      <Filter>Header Files\Server\Builders</Filter>
    </ClInclude>
    <ClInclude Include="include\Protocols\Ymsg\SessionGateway.h">
      <Filter>Header Files</Filter>
    </ClInclude>
    <ClInclude Include="include\Protocols\Ymsg\ProtocolStream.h">
      <Filter>Header Files</Filter>
    </ClInclude>
    <ClInclude Include="include\Protocols\Ymsg\Types.h">
      <Filter>Header Files</Filter>
    </ClInclude>
    <ClInclude Include="include\Protocols\Ymsg\Server\Payloads\RequestProfile.h">
      <Filter>Header Files\Server\Payloads</Filter>
    </ClInclude>
    <ClInclude Include="include\Protocols\Ymsg\Server\Builders\AddContactRequestResult.h">
      <Filter>Header Files\Server\Builders</Filter>
    </ClInclude>
    <ClInclude Include="include\Protocols\Ymsg\Server\Builders\SystemMessage.h">
      <Filter>Header Files\Server\Builders</Filter>
    </ClInclude>
    <ClInclude Include="include\Protocols\Ymsg\Server\Builders\OfflineMessage.h">
      <Filter>Header Files\Server\Builders</Filter>
    </ClInclude>
    <ClInclude Include="include\Protocols\Ymsg\Server\Builders\NewMailNotification.h">
      <Filter>Header Files\Server\Builders</Filter>
    </ClInclude>
    <ClInclude Include="include\Protocols\Ymsg\Server\Builders\PrivateMessageError.h">
      <Filter>Header Files\Server\Builders</Filter>
    </ClInclude>
    <ClInclude Include="include\Protocols\Ymsg\Server\Builders\YahooAlert.h">
      <Filter>Header Files\Server\Builders</Filter>
    </ClInclude>
    <ClInclude Include="include\Protocols\Ymsg\Server\Payloads\MassPrivateMessage.h">
      <Filter>Header Files\Server\Payloads</Filter>
    </ClInclude>
    <ClInclude Include="include\Protocols\YMsg\Builder.h">
      <Filter>Header Files</Filter>
    </ClInclude>
    <ClInclude Include="include\Protocols\YMsg\Header.h">
      <Filter>Header Files</Filter>
    </ClInclude>
    <ClInclude Include="include\Protocols\YMsg\Parser.h">
      <Filter>Header Files</Filter>
    </ClInclude>
    <ClInclude Include="include\Protocols\YMsg\Processor.h">
      <Filter>Header Files</Filter>
    </ClInclude>
    <ClInclude Include="include\Protocols\YMsg\ProfileManager.h">
      <Filter>Header Files</Filter>
    </ClInclude>
    <ClInclude Include="include\Protocols\YMsg\ClientConnection.h">
      <Filter>Header Files</Filter>
    </ClInclude>
    <ClInclude Include="include\Protocols\YMsg\ContactManager.h">
      <Filter>Header Files</Filter>
    </ClInclude>
    <ClInclude Include="include\Protocols\YMsg\BlockedContactManager.h">
      <Filter>Header Files</Filter>
    </ClInclude>
    <ClInclude Include="include\Protocols\YMsg\PresenceManager.h">
      <Filter>Header Files</Filter>
    </ClInclude>
    <ClInclude Include="include\Protocols\YMsg\Server\Processors\ActivateProfile.h">
      <Filter>Header Files\Server\Processors</Filter>
    </ClInclude>
    <ClInclude Include="include\Protocols\YMsg\Server\Processors\AddContact.h">
      <Filter>Header Files\Server\Processors</Filter>
    </ClInclude>
    <ClInclude Include="include\Protocols\YMsg\Server\Processors\DeactivateProfile.h">
      <Filter>Header Files\Server\Processors</Filter>
    </ClInclude>
    <ClInclude Include="include\Protocols\YMsg\Server\Processors\ProtocolSync.h">
      <Filter>Header Files\Server\Processors</Filter>
    </ClInclude>
    <ClInclude Include="include\Protocols\YMsg\Server\Processors\RemoveContact.h">
      <Filter>Header Files\Server\Processors</Filter>
    </ClInclude>
    <ClInclude Include="include\Protocols\YMsg\Server\Processors\RenameContactGroup.h">
      <Filter>Header Files\Server\Processors</Filter>
    </ClInclude>
    <ClInclude Include="include\Protocols\YMsg\Server\Processors\RequestProfile.h">
      <Filter>Header Files\Server\Processors</Filter>
    </ClInclude>
    <ClInclude Include="include\Protocols\YMsg\Server\Processors\SetAvailable.h">
      <Filter>Header Files\Server\Processors</Filter>
    </ClInclude>
    <ClInclude Include="include\Protocols\YMsg\Server\Processors\SetAway.h">
      <Filter>Header Files\Server\Processors</Filter>
    </ClInclude>
    <ClInclude Include="include\Protocols\YMsg\Server\Processors\ChangeBlockedUser.h">
      <Filter>Header Files\Server\Processors</Filter>
    </ClInclude>
    <ClInclude Include="include\Protocols\YMsg\Server\Processors\DenyContactAddRequest.h">
      <Filter>Header Files\Server\Processors</Filter>
    </ClInclude>
    <ClInclude Include="include\Protocols\YMsg\Server\Processors\Authentication.h">
      <Filter>Header Files\Server\Processors</Filter>
    </ClInclude>
    <ClInclude Include="include\Protocols\YMsg\Server\Processors\ChallengeRequest.h">
      <Filter>Header Files\Server\Processors</Filter>
    </ClInclude>
    <ClInclude Include="include\Protocols\YMsg\Server\Processors\ChatJoin.h">
      <Filter>Header Files\Server\Processors</Filter>
    </ClInclude>
    <ClInclude Include="include\Protocols\YMsg\Server\Processors\ChatLogin.h">
      <Filter>Header Files\Server\Processors</Filter>
    </ClInclude>
    <ClInclude Include="include\Protocols\YMsg\Server\Processors\MassPrivateMessage.h">
      <Filter>Header Files\Server\Processors</Filter>
    </ClInclude>
    <ClInclude Include="include\Protocols\YMsg\Server\Processors\PrivateMessage.h">
      <Filter>Header Files\Server\Processors</Filter>
    </ClInclude>
    <ClInclude Include="include\Protocols\YMsg\Server\Processors\ServiceOperation.h">
      <Filter>Header Files\Server\Processors</Filter>
    </ClInclude>
    <ClInclude Include="include\Protocols\YMsg\MockSessionContext.h">
      <Filter>Header Files</Filter>
    </ClInclude>
    <ClInclude Include="include\Protocols\YMsg\ContactManagementEvents.h">
      <Filter>Header Files</Filter>
    </ClInclude>
    <ClInclude Include="include\Protocols\YMsg\ContactManagementLink.h">
      <Filter>Header Files</Filter>
    </ClInclude>
    <ClInclude Include="include\Protocols\YMsg\PresenceEvents.h">
      <Filter>Header Files</Filter>
    </ClInclude>
    <ClInclude Include="include\Protocols\YMsg\PresenceManagementLink.h">
      <Filter>Header Files</Filter>
    </ClInclude>
    <ClInclude Include="include\Protocols\YMsg\MockContactManagementLink.h">
      <Filter>Header Files</Filter>
    </ClInclude>
    <ClInclude Include="include\Protocols\YMsg\MockPresenceManagementLink.h">
      <Filter>Header Files</Filter>
    </ClInclude>
    <ClInclude Include="include\Protocols\YMsg\SessionContext.h">
      <Filter>Header Files</Filter>
    </ClInclude>
    <ClInclude Include="include\Protocols\YMsg\ProfileManagementEvents.h">
      <Filter>Header Files</Filter>
    </ClInclude>
    <ClInclude Include="include\Protocols\YMsg\ProfileManagementLink.h">
      <Filter>Header Files</Filter>
    </ClInclude>
    <ClInclude Include="include\Protocols\YMsg\MockProfileManagementLink.h">
      <Filter>Header Files</Filter>
    </ClInclude>
    <ClInclude Include="include\Protocols\YMsg\BlockedContactManagementEvents.h">
      <Filter>Header Files</Filter>
    </ClInclude>
    <ClInclude Include="include\Protocols\YMsg\BlockedContactManagementLink.h">
      <Filter>Header Files</Filter>
    </ClInclude>
    <ClInclude Include="include\Protocols\YMsg\MockBlockedContactManagementLink.h">
      <Filter>Header Files</Filter>
    </ClInclude>
    <ClInclude Include="include\Protocols\YMsg\PacketDispatcher.h">
      <Filter>Header Files</Filter>
    </ClInclude>
  </ItemGroup>
  <ItemGroup>
    <ClCompile Include="src\Server\Payloads\Authentication.cpp">
      <Filter>Source Files\Server\Payloads</Filter>
    </ClCompile>
    <ClCompile Include="src\Server\Payloads\ChallengeRequest.cpp">
      <Filter>Source Files\Server\Payloads</Filter>
    </ClCompile>
    <ClCompile Include="src\Server\Payloads\ChatJoin.cpp">
      <Filter>Source Files\Server\Payloads</Filter>
    </ClCompile>
    <ClCompile Include="src\Server\Payloads\ChatLogin.cpp">
      <Filter>Source Files\Server\Payloads</Filter>
    </ClCompile>
    <ClCompile Include="src\Server\Payloads\ProtocolSync.cpp">
      <Filter>Source Files\Server\Payloads</Filter>
    </ClCompile>
    <ClCompile Include="src\Server\Builders\ClientProfile.cpp">
      <Filter>Source Files\Server\Builders</Filter>
    </ClCompile>
    <ClCompile Include="src\Server\Payloads\AddContact.cpp">
      <Filter>Source Files\Server\Payloads</Filter>
    </ClCompile>
    <ClCompile Include="src\Server\Payloads\ServiceOperation.cpp">
      <Filter>Source Files\Server\Payloads</Filter>
    </ClCompile>
    <ClCompile Include="src\Server\Payloads\PrivateMessage.cpp">
      <Filter>Source Files\Server\Payloads</Filter>
    </ClCompile>
    <ClCompile Include="src\Server\Payloads\ChangeBlockedUser.cpp">
      <Filter>Source Files\Server\Payloads</Filter>
    </ClCompile>
    <ClCompile Include="src\Server\Payloads\RenameContactGroup.cpp">
      <Filter>Source Files\Server\Payloads</Filter>
    </ClCompile>
    <ClCompile Include="src\Server\Payloads\SetAway.cpp">
      <Filter>Source Files\Server\Payloads</Filter>
    </ClCompile>
    <ClCompile Include="src\Server\Payloads\SetAvailable.cpp">
      <Filter>Source Files\Server\Payloads</Filter>
    </ClCompile>
    <ClCompile Include="src\Server\Payloads\ActivateProfile.cpp">
      <Filter>Source Files\Server\Payloads</Filter>
    </ClCompile>
    <ClCompile Include="src\Server\Payloads\DeactivateProfile.cpp">
      <Filter>Source Files\Server\Payloads</Filter>
    </ClCompile>
    <ClCompile Include="src\Server\Payloads\RemoveContact.cpp">
      <Filter>Source Files\Server\Payloads</Filter>
    </ClCompile>
    <ClCompile Include="src\SessionGateway.cpp">
      <Filter>Source Files</Filter>
    </ClCompile>
    <ClCompile Include="src\ProtocolStream.cpp">
      <Filter>Source Files</Filter>
    </ClCompile>
    <ClCompile Include="src\Server\Payloads\RequestProfile.cpp">
      <Filter>Source Files\Server\Payloads</Filter>
    </ClCompile>
    <ClCompile Include="src\Server\Payloads\MassPrivateMessage.cpp">
      <Filter>Source Files\Server\Payloads</Filter>
    </ClCompile>
    <ClCompile Include="src\Server\Payloads\DenyContactAddRequest.cpp">
      <Filter>Source Files\Server\Payloads</Filter>
    </ClCompile>
    <ClCompile Include="src\Builder.cpp">
      <Filter>Source Files</Filter>
    </ClCompile>
    <ClCompile Include="src\Parser.cpp">
      <Filter>Source Files</Filter>
    </ClCompile>
    <ClCompile Include="src\Server\Header.cpp">
      <Filter>Source Files</Filter>
    </ClCompile>
    <ClCompile Include="src\BlockedContactManager.cpp">
      <Filter>Source Files</Filter>
    </ClCompile>
    <ClCompile Include="src\ClientConnection.cpp">
      <Filter>Source Files</Filter>
    </ClCompile>
    <ClCompile Include="src\ContactManager.cpp">
      <Filter>Source Files</Filter>
    </ClCompile>
    <ClCompile Include="src\PresenceManager.cpp">
      <Filter>Source Files</Filter>
    </ClCompile>
    <ClCompile Include="src\ProfileManager.cpp">
      <Filter>Source Files</Filter>
    </ClCompile>
    <ClCompile Include="src\Server\Processors\ActivateProfile.cpp">
      <Filter>Source Files\Server\Processors</Filter>
    </ClCompile>
    <ClCompile Include="src\Server\Processors\AddContact.cpp">
      <Filter>Source Files\Server\Processors</Filter>
    </ClCompile>
    <ClCompile Include="src\Server\Processors\DeactivateProfile.cpp">
      <Filter>Source Files\Server\Processors</Filter>
    </ClCompile>
    <ClCompile Include="src\Server\Processors\ProtocolSync.cpp">
      <Filter>Source Files\Server\Processors</Filter>
    </ClCompile>
    <ClCompile Include="src\Server\Processors\RemoveContact.cpp">
      <Filter>Source Files\Server\Processors</Filter>
    </ClCompile>
    <ClCompile Include="src\Server\Processors\RenameContactGroup.cpp">
      <Filter>Source Files\Server\Processors</Filter>
    </ClCompile>
    <ClCompile Include="src\Server\Processors\RequestProfile.cpp">
      <Filter>Source Files\Server\Processors</Filter>
    </ClCompile>
    <ClCompile Include="src\Server\Processors\SetAvailable.cpp">
      <Filter>Source Files\Server\Processors</Filter>
    </ClCompile>
    <ClCompile Include="src\Server\Processors\SetAway.cpp">
      <Filter>Source Files\Server\Processors</Filter>
    </ClCompile>
    <ClCompile Include="src\Server\Processors\ChangeBlockedUser.cpp">
      <Filter>Source Files\Server\Processors</Filter>
    </ClCompile>
    <ClCompile Include="src\Server\Processors\DenyContactAddRequest.cpp">
      <Filter>Source Files\Server\Processors</Filter>
    </ClCompile>
    <ClCompile Include="src\Server\Processors\Authentication.cpp">
      <Filter>Source Files\Server\Processors</Filter>
    </ClCompile>
    <ClCompile Include="src\Server\Processors\ChallengeRequest.cpp">
      <Filter>Source Files\Server\Processors</Filter>
    </ClCompile>
    <ClCompile Include="src\Server\Processors\ChatJoin.cpp">
      <Filter>Source Files\Server\Processors</Filter>
    </ClCompile>
    <ClCompile Include="src\Server\Processors\ChatLogin.cpp">
      <Filter>Source Files\Server\Processors</Filter>
    </ClCompile>
    <ClCompile Include="src\Server\Processors\MassPrivateMessage.cpp">
      <Filter>Source Files\Server\Processors</Filter>
    </ClCompile>
    <ClCompile Include="src\Server\Processors\PrivateMessage.cpp">
      <Filter>Source Files\Server\Processors</Filter>
    </ClCompile>
    <ClCompile Include="src\Server\Processors\ServiceOperation.cpp">
      <Filter>Source Files\Server\Processors</Filter>
    </ClCompile>
    <ClCompile Include="src\MockSessionContext.cpp">
      <Filter>Source Files</Filter>
    </ClCompile>
    <ClCompile Include="src\ContactManagementEvents.cpp">
      <Filter>Source Files</Filter>
    </ClCompile>
    <ClCompile Include="src\PresenceEvents.cpp">
      <Filter>Source Files</Filter>
    </ClCompile>
    <ClCompile Include="src\MockContactManagementLink.cpp">
      <Filter>Source Files</Filter>
    </ClCompile>
    <ClCompile Include="src\SessionContext.cpp">
      <Filter>Source Files</Filter>
    </ClCompile>
    <ClCompile Include="src\MockPresenceManagementLink.cpp">
      <Filter>Source Files</Filter>
    </ClCompile>
    <ClCompile Include="src\ProfileManagementEvents.cpp">
      <Filter>Source Files</Filter>
    </ClCompile>
    <ClCompile Include="src\MockProfileManagementLink.cpp">
      <Filter>Source Files</Filter>
    </ClCompile>
    <ClCompile Include="src\BlockedContactManagementEvents.cpp">
      <Filter>Source Files</Filter>
    </ClCompile>
    <ClCompile Include="src\MockBlockedContactManagementLink.cpp">
      <Filter>Source Files</Filter>
    </ClCompile>
  </ItemGroup>
</Project>